// !$*UTF8*$!
{
	archiveVersion = 1;
	classes = {
	};
	objectVersion = 55;
	objects = {

/* Begin PBXBuildFile section */
		054635E02A8B4B0800FF804F /* Calmify_AppApp.swift in Sources */ = {isa = PBXBuildFile; fileRef = 054635DF2A8B4B0800FF804F /* Calmify_AppApp.swift */; };
		054635E22A8B4B0800FF804F /* ContentView.swift in Sources */ = {isa = PBXBuildFile; fileRef = 054635E12A8B4B0800FF804F /* ContentView.swift */; };
		054635E42A8B4B0900FF804F /* Assets.xcassets in Resources */ = {isa = PBXBuildFile; fileRef = 054635E32A8B4B0900FF804F /* Assets.xcassets */; };
		054635E72A8B4B0900FF804F /* Preview Assets.xcassets in Resources */ = {isa = PBXBuildFile; fileRef = 054635E62A8B4B0900FF804F /* Preview Assets.xcassets */; };
		054635F02A8B4F1F00FF804F /* ActivitiesView.swift in Sources */ = {isa = PBXBuildFile; fileRef = 054635EF2A8B4F1F00FF804F /* ActivitiesView.swift */; };
		0562E0572A8E6DC80031B3C0 /* BreatheType.swift in Sources */ = {isa = PBXBuildFile; fileRef = 0562E0562A8E6DC80031B3C0 /* BreatheType.swift */; };
		0562E0592A8E6FDD0031B3C0 /* BreathingHome.swift in Sources */ = {isa = PBXBuildFile; fileRef = 0562E0582A8E6FDD0031B3C0 /* BreathingHome.swift */; };
		05E68A542A8BF531007A10F5 /* QuotesView.swift in Sources */ = {isa = PBXBuildFile; fileRef = 05E68A532A8BF531007A10F5 /* QuotesView.swift */; };
		05E68A562A8BF540007A10F5 /* StressTipsView.swift in Sources */ = {isa = PBXBuildFile; fileRef = 05E68A552A8BF540007A10F5 /* StressTipsView.swift */; };
		05E68A5A2A8BF580007A10F5 /* MentalHealthInfoView.swift in Sources */ = {isa = PBXBuildFile; fileRef = 05E68A592A8BF580007A10F5 /* MentalHealthInfoView.swift */; };
/* End PBXBuildFile section */

/* Begin PBXFileReference section */
		054635DC2A8B4B0800FF804F /* Calmify App.app */ = {isa = PBXFileReference; explicitFileType = wrapper.application; includeInIndex = 0; path = "Calmify App.app"; sourceTree = BUILT_PRODUCTS_DIR; };
		054635DF2A8B4B0800FF804F /* Calmify_AppApp.swift */ = {isa = PBXFileReference; lastKnownFileType = sourcecode.swift; path = Calmify_AppApp.swift; sourceTree = "<group>"; };
		054635E12A8B4B0800FF804F /* ContentView.swift */ = {isa = PBXFileReference; lastKnownFileType = sourcecode.swift; path = ContentView.swift; sourceTree = "<group>"; };
		054635E32A8B4B0900FF804F /* Assets.xcassets */ = {isa = PBXFileReference; lastKnownFileType = folder.assetcatalog; path = Assets.xcassets; sourceTree = "<group>"; };
		054635E62A8B4B0900FF804F /* Preview Assets.xcassets */ = {isa = PBXFileReference; lastKnownFileType = folder.assetcatalog; path = "Preview Assets.xcassets"; sourceTree = "<group>"; };
		054635EF2A8B4F1F00FF804F /* ActivitiesView.swift */ = {isa = PBXFileReference; lastKnownFileType = sourcecode.swift; path = ActivitiesView.swift; sourceTree = "<group>"; };
		0562E0562A8E6DC80031B3C0 /* BreatheType.swift */ = {isa = PBXFileReference; lastKnownFileType = sourcecode.swift; path = BreatheType.swift; sourceTree = "<group>"; };
		0562E0582A8E6FDD0031B3C0 /* BreathingHome.swift */ = {isa = PBXFileReference; lastKnownFileType = sourcecode.swift; path = BreathingHome.swift; sourceTree = "<group>"; };
		05E68A532A8BF531007A10F5 /* QuotesView.swift */ = {isa = PBXFileReference; lastKnownFileType = sourcecode.swift; path = QuotesView.swift; sourceTree = "<group>"; };
		05E68A552A8BF540007A10F5 /* StressTipsView.swift */ = {isa = PBXFileReference; lastKnownFileType = sourcecode.swift; path = StressTipsView.swift; sourceTree = "<group>"; };
		05E68A592A8BF580007A10F5 /* MentalHealthInfoView.swift */ = {isa = PBXFileReference; lastKnownFileType = sourcecode.swift; path = MentalHealthInfoView.swift; sourceTree = "<group>"; };
/* End PBXFileReference section */

/* Begin PBXFrameworksBuildPhase section */
		054635D92A8B4B0800FF804F /* Frameworks */ = {
			isa = PBXFrameworksBuildPhase;
			buildActionMask = 2147483647;
			files = (
			);
			runOnlyForDeploymentPostprocessing = 0;
		};
/* End PBXFrameworksBuildPhase section */

/* Begin PBXGroup section */
		054635D32A8B4B0800FF804F = {
			isa = PBXGroup;
			children = (
				054635DE2A8B4B0800FF804F /* Calmify App */,
				054635DD2A8B4B0800FF804F /* Products */,
			);
			sourceTree = "<group>";
		};
		054635DD2A8B4B0800FF804F /* Products */ = {
			isa = PBXGroup;
			children = (
				054635DC2A8B4B0800FF804F /* Calmify App.app */,
			);
			name = Products;
			sourceTree = "<group>";
		};
		054635DE2A8B4B0800FF804F /* Calmify App */ = {
			isa = PBXGroup;
			children = (
				0562E0552A8E6D9A0031B3C0 /* Model */,
				0562E0542A8E6D7A0031B3C0 /* View */,
				054635DF2A8B4B0800FF804F /* Calmify_AppApp.swift */,
				054635E12A8B4B0800FF804F /* ContentView.swift */,
				054635EF2A8B4F1F00FF804F /* ActivitiesView.swift */,
				05E68A592A8BF580007A10F5 /* MentalHealthInfoView.swift */,
				05E68A532A8BF531007A10F5 /* QuotesView.swift */,
				05E68A552A8BF540007A10F5 /* StressTipsView.swift */,
				054635E32A8B4B0900FF804F /* Assets.xcassets */,
				054635E52A8B4B0900FF804F /* Preview Content */,
			);
			path = "Calmify App";
			sourceTree = "<group>";
		};
		054635E52A8B4B0900FF804F /* Preview Content */ = {
			isa = PBXGroup;
			children = (
				054635E62A8B4B0900FF804F /* Preview Assets.xcassets */,
			);
			path = "Preview Content";
			sourceTree = "<group>";
		};
		0562E0542A8E6D7A0031B3C0 /* View */ = {
			isa = PBXGroup;
			children = (
				0562E0582A8E6FDD0031B3C0 /* BreathingHome.swift */,
			);
			path = View;
			sourceTree = "<group>";
		};
		0562E0552A8E6D9A0031B3C0 /* Model */ = {
			isa = PBXGroup;
			children = (
				0562E0562A8E6DC80031B3C0 /* BreatheType.swift */,
			);
			path = Model;
			sourceTree = "<group>";
		};
/* End PBXGroup section */

/* Begin PBXNativeTarget section */
		054635DB2A8B4B0800FF804F /* Calmify App */ = {
			isa = PBXNativeTarget;
			buildConfigurationList = 054635EA2A8B4B0900FF804F /* Build configuration list for PBXNativeTarget "Calmify App" */;
			buildPhases = (
				054635D82A8B4B0800FF804F /* Sources */,
				054635D92A8B4B0800FF804F /* Frameworks */,
				054635DA2A8B4B0800FF804F /* Resources */,
			);
			buildRules = (
			);
			dependencies = (
			);
			name = "Calmify App";
			productName = "Calmify App";
			productReference = 054635DC2A8B4B0800FF804F /* Calmify App.app */;
			productType = "com.apple.product-type.application";
		};
/* End PBXNativeTarget section */

/* Begin PBXProject section */
		054635D42A8B4B0800FF804F /* Project object */ = {
			isa = PBXProject;
			attributes = {
				BuildIndependentTargetsInParallel = 1;
				LastSwiftUpdateCheck = 1430;
				LastUpgradeCheck = 1430;
				TargetAttributes = {
					054635DB2A8B4B0800FF804F = {
						CreatedOnToolsVersion = 14.3.1;
					};
				};
			};
			buildConfigurationList = 054635D72A8B4B0800FF804F /* Build configuration list for PBXProject "Calmify App" */;
			compatibilityVersion = "Xcode 13.0";
			developmentRegion = en;
			hasScannedForEncodings = 0;
			knownRegions = (
				en,
				Base,
			);
			mainGroup = 054635D32A8B4B0800FF804F;
			productRefGroup = 054635DD2A8B4B0800FF804F /* Products */;
			projectDirPath = "";
			projectRoot = "";
			targets = (
				054635DB2A8B4B0800FF804F /* Calmify App */,
			);
		};
/* End PBXProject section */

/* Begin PBXResourcesBuildPhase section */
		054635DA2A8B4B0800FF804F /* Resources */ = {
			isa = PBXResourcesBuildPhase;
			buildActionMask = 2147483647;
			files = (
				054635E72A8B4B0900FF804F /* Preview Assets.xcassets in Resources */,
				054635E42A8B4B0900FF804F /* Assets.xcassets in Resources */,
			);
			runOnlyForDeploymentPostprocessing = 0;
		};
/* End PBXResourcesBuildPhase section */

/* Begin PBXSourcesBuildPhase section */
		054635D82A8B4B0800FF804F /* Sources */ = {
			isa = PBXSourcesBuildPhase;
			buildActionMask = 2147483647;
			files = (
				054635F02A8B4F1F00FF804F /* ActivitiesView.swift in Sources */,
				0562E0592A8E6FDD0031B3C0 /* BreathingHome.swift in Sources */,
				0562E0572A8E6DC80031B3C0 /* BreatheType.swift in Sources */,
				054635E22A8B4B0800FF804F /* ContentView.swift in Sources */,
				05E68A562A8BF540007A10F5 /* StressTipsView.swift in Sources */,
				054635E02A8B4B0800FF804F /* Calmify_AppApp.swift in Sources */,
				05E68A5A2A8BF580007A10F5 /* MentalHealthInfoView.swift in Sources */,
				05E68A542A8BF531007A10F5 /* QuotesView.swift in Sources */,
			);
			runOnlyForDeploymentPostprocessing = 0;
		};
/* End PBXSourcesBuildPhase section */

/* Begin XCBuildConfiguration section */
		054635E82A8B4B0900FF804F /* Debug */ = {
			isa = XCBuildConfiguration;
			buildSettings = {
				ALWAYS_SEARCH_USER_PATHS = NO;
				CLANG_ANALYZER_NONNULL = YES;
				CLANG_ANALYZER_NUMBER_OBJECT_CONVERSION = YES_AGGRESSIVE;
				CLANG_CXX_LANGUAGE_STANDARD = "gnu++20";
				CLANG_ENABLE_MODULES = YES;
				CLANG_ENABLE_OBJC_ARC = YES;
				CLANG_ENABLE_OBJC_WEAK = YES;
				CLANG_WARN_BLOCK_CAPTURE_AUTORELEASING = YES;
				CLANG_WARN_BOOL_CONVERSION = YES;
				CLANG_WARN_COMMA = YES;
				CLANG_WARN_CONSTANT_CONVERSION = YES;
				CLANG_WARN_DEPRECATED_OBJC_IMPLEMENTATIONS = YES;
				CLANG_WARN_DIRECT_OBJC_ISA_USAGE = YES_ERROR;
				CLANG_WARN_DOCUMENTATION_COMMENTS = YES;
				CLANG_WARN_EMPTY_BODY = YES;
				CLANG_WARN_ENUM_CONVERSION = YES;
				CLANG_WARN_INFINITE_RECURSION = YES;
				CLANG_WARN_INT_CONVERSION = YES;
				CLANG_WARN_NON_LITERAL_NULL_CONVERSION = YES;
				CLANG_WARN_OBJC_IMPLICIT_RETAIN_SELF = YES;
				CLANG_WARN_OBJC_LITERAL_CONVERSION = YES;
				CLANG_WARN_OBJC_ROOT_CLASS = YES_ERROR;
				CLANG_WARN_QUOTED_INCLUDE_IN_FRAMEWORK_HEADER = YES;
				CLANG_WARN_RANGE_LOOP_ANALYSIS = YES;
				CLANG_WARN_STRICT_PROTOTYPES = YES;
				CLANG_WARN_SUSPICIOUS_MOVE = YES;
				CLANG_WARN_UNGUARDED_AVAILABILITY = YES_AGGRESSIVE;
				CLANG_WARN_UNREACHABLE_CODE = YES;
				CLANG_WARN__DUPLICATE_METHOD_MATCH = YES;
				COPY_PHASE_STRIP = NO;
				DEBUG_INFORMATION_FORMAT = dwarf;
				ENABLE_STRICT_OBJC_MSGSEND = YES;
				ENABLE_TESTABILITY = YES;
				GCC_C_LANGUAGE_STANDARD = gnu11;
				GCC_DYNAMIC_NO_PIC = NO;
				GCC_NO_COMMON_BLOCKS = YES;
				GCC_OPTIMIZATION_LEVEL = 0;
				GCC_PREPROCESSOR_DEFINITIONS = (
					"DEBUG=1",
					"$(inherited)",
				);
				GCC_WARN_64_TO_32_BIT_CONVERSION = YES;
				GCC_WARN_ABOUT_RETURN_TYPE = YES_ERROR;
				GCC_WARN_UNDECLARED_SELECTOR = YES;
				GCC_WARN_UNINITIALIZED_AUTOS = YES_AGGRESSIVE;
				GCC_WARN_UNUSED_FUNCTION = YES;
				GCC_WARN_UNUSED_VARIABLE = YES;
				IPHONEOS_DEPLOYMENT_TARGET = 16.4;
				MTL_ENABLE_DEBUG_INFO = INCLUDE_SOURCE;
				MTL_FAST_MATH = YES;
				ONLY_ACTIVE_ARCH = YES;
				SDKROOT = iphoneos;
				SWIFT_ACTIVE_COMPILATION_CONDITIONS = DEBUG;
				SWIFT_OPTIMIZATION_LEVEL = "-Onone";
			};
			name = Debug;
		};
		054635E92A8B4B0900FF804F /* Release */ = {
			isa = XCBuildConfiguration;
			buildSettings = {
				ALWAYS_SEARCH_USER_PATHS = NO;
				CLANG_ANALYZER_NONNULL = YES;
				CLANG_ANALYZER_NUMBER_OBJECT_CONVERSION = YES_AGGRESSIVE;
				CLANG_CXX_LANGUAGE_STANDARD = "gnu++20";
				CLANG_ENABLE_MODULES = YES;
				CLANG_ENABLE_OBJC_ARC = YES;
				CLANG_ENABLE_OBJC_WEAK = YES;
				CLANG_WARN_BLOCK_CAPTURE_AUTORELEASING = YES;
				CLANG_WARN_BOOL_CONVERSION = YES;
				CLANG_WARN_COMMA = YES;
				CLANG_WARN_CONSTANT_CONVERSION = YES;
				CLANG_WARN_DEPRECATED_OBJC_IMPLEMENTATIONS = YES;
				CLANG_WARN_DIRECT_OBJC_ISA_USAGE = YES_ERROR;
				CLANG_WARN_DOCUMENTATION_COMMENTS = YES;
				CLANG_WARN_EMPTY_BODY = YES;
				CLANG_WARN_ENUM_CONVERSION = YES;
				CLANG_WARN_INFINITE_RECURSION = YES;
				CLANG_WARN_INT_CONVERSION = YES;
				CLANG_WARN_NON_LITERAL_NULL_CONVERSION = YES;
				CLANG_WARN_OBJC_IMPLICIT_RETAIN_SELF = YES;
				CLANG_WARN_OBJC_LITERAL_CONVERSION = YES;
				CLANG_WARN_OBJC_ROOT_CLASS = YES_ERROR;
				CLANG_WARN_QUOTED_INCLUDE_IN_FRAMEWORK_HEADER = YES;
				CLANG_WARN_RANGE_LOOP_ANALYSIS = YES;
				CLANG_WARN_STRICT_PROTOTYPES = YES;
				CLANG_WARN_SUSPICIOUS_MOVE = YES;
				CLANG_WARN_UNGUARDED_AVAILABILITY = YES_AGGRESSIVE;
				CLANG_WARN_UNREACHABLE_CODE = YES;
				CLANG_WARN__DUPLICATE_METHOD_MATCH = YES;
				COPY_PHASE_STRIP = NO;
				DEBUG_INFORMATION_FORMAT = "dwarf-with-dsym";
				ENABLE_NS_ASSERTIONS = NO;
				ENABLE_STRICT_OBJC_MSGSEND = YES;
				GCC_C_LANGUAGE_STANDARD = gnu11;
				GCC_NO_COMMON_BLOCKS = YES;
				GCC_WARN_64_TO_32_BIT_CONVERSION = YES;
				GCC_WARN_ABOUT_RETURN_TYPE = YES_ERROR;
				GCC_WARN_UNDECLARED_SELECTOR = YES;
				GCC_WARN_UNINITIALIZED_AUTOS = YES_AGGRESSIVE;
				GCC_WARN_UNUSED_FUNCTION = YES;
				GCC_WARN_UNUSED_VARIABLE = YES;
				IPHONEOS_DEPLOYMENT_TARGET = 16.4;
				MTL_ENABLE_DEBUG_INFO = NO;
				MTL_FAST_MATH = YES;
				SDKROOT = iphoneos;
				SWIFT_COMPILATION_MODE = wholemodule;
				SWIFT_OPTIMIZATION_LEVEL = "-O";
				VALIDATE_PRODUCT = YES;
			};
			name = Release;
		};
		054635EB2A8B4B0900FF804F /* Debug */ = {
			isa = XCBuildConfiguration;
			buildSettings = {
				ASSETCATALOG_COMPILER_APPICON_NAME = AppIcon;
				ASSETCATALOG_COMPILER_GLOBAL_ACCENT_COLOR_NAME = AccentColor;
				CODE_SIGN_STYLE = Automatic;
				CURRENT_PROJECT_VERSION = 1;
				DEVELOPMENT_ASSET_PATHS = "\"Calmify App/Preview Content\"";
				DEVELOPMENT_TEAM = 52PPSJN368;
				ENABLE_PREVIEWS = YES;
				GENERATE_INFOPLIST_FILE = YES;
				INFOPLIST_KEY_UIApplicationSceneManifest_Generation = YES;
				INFOPLIST_KEY_UIApplicationSupportsIndirectInputEvents = YES;
				INFOPLIST_KEY_UILaunchScreen_Generation = YES;
				INFOPLIST_KEY_UISupportedInterfaceOrientations_iPad = "UIInterfaceOrientationPortrait UIInterfaceOrientationPortraitUpsideDown UIInterfaceOrientationLandscapeLeft UIInterfaceOrientationLandscapeRight";
				INFOPLIST_KEY_UISupportedInterfaceOrientations_iPhone = "UIInterfaceOrientationPortrait UIInterfaceOrientationLandscapeLeft UIInterfaceOrientationLandscapeRight";
				IPHONEOS_DEPLOYMENT_TARGET = 15.2;
				LD_RUNPATH_SEARCH_PATHS = (
					"$(inherited)",
					"@executable_path/Frameworks",
				);
				MARKETING_VERSION = 1.0;
				PRODUCT_BUNDLE_IDENTIFIER = "kwk.Calmify-App";
				PRODUCT_NAME = "$(TARGET_NAME)";
				SWIFT_EMIT_LOC_STRINGS = YES;
				SWIFT_VERSION = 5.0;
				TARGETED_DEVICE_FAMILY = "1,2";
			};
			name = Debug;
		};
		054635EC2A8B4B0900FF804F /* Release */ = {
			isa = XCBuildConfiguration;
			buildSettings = {
				ASSETCATALOG_COMPILER_APPICON_NAME = AppIcon;
				ASSETCATALOG_COMPILER_GLOBAL_ACCENT_COLOR_NAME = AccentColor;
				CODE_SIGN_STYLE = Automatic;
				CURRENT_PROJECT_VERSION = 1;
				DEVELOPMENT_ASSET_PATHS = "\"Calmify App/Preview Content\"";
				DEVELOPMENT_TEAM = 52PPSJN368;
				ENABLE_PREVIEWS = YES;
				GENERATE_INFOPLIST_FILE = YES;
				INFOPLIST_KEY_UIApplicationSceneManifest_Generation = YES;
				INFOPLIST_KEY_UIApplicationSupportsIndirectInputEvents = YES;
				INFOPLIST_KEY_UILaunchScreen_Generation = YES;
				INFOPLIST_KEY_UISupportedInterfaceOrientations_iPad = "UIInterfaceOrientationPortrait UIInterfaceOrientationPortraitUpsideDown UIInterfaceOrientationLandscapeLeft UIInterfaceOrientationLandscapeRight";
				INFOPLIST_KEY_UISupportedInterfaceOrientations_iPhone = "UIInterfaceOrientationPortrait UIInterfaceOrientationLandscapeLeft UIInterfaceOrientationLandscapeRight";
				IPHONEOS_DEPLOYMENT_TARGET = 15.2;
				LD_RUNPATH_SEARCH_PATHS = (
					"$(inherited)",
					"@executable_path/Frameworks",
				);
				MARKETING_VERSION = 1.0;
				PRODUCT_BUNDLE_IDENTIFIER = "kwk.Calmify-App";
				PRODUCT_NAME = "$(TARGET_NAME)";
				SWIFT_EMIT_LOC_STRINGS = YES;
				SWIFT_VERSION = 5.0;
				TARGETED_DEVICE_FAMILY = "1,2";
			};
			name = Release;
		};
/* End XCBuildConfiguration section */

/* Begin XCConfigurationList section */
		054635D72A8B4B0800FF804F /* Build configuration list for PBXProject "Calmify App" */ = {
			isa = XCConfigurationList;
			buildConfigurations = (
				054635E82A8B4B0900FF804F /* Debug */,
				054635E92A8B4B0900FF804F /* Release */,
			);
			defaultConfigurationIsVisible = 0;
			defaultConfigurationName = Release;
		};
		054635EA2A8B4B0900FF804F /* Build configuration list for PBXNativeTarget "Calmify App" */ = {
			isa = XCConfigurationList;
			buildConfigurations = (
				054635EB2A8B4B0900FF804F /* Debug */,
				054635EC2A8B4B0900FF804F /* Release */,
			);
			defaultConfigurationIsVisible = 0;
			defaultConfigurationName = Release;
		};
/* End XCConfigurationList section */
	};
	rootObject = 054635D42A8B4B0800FF804F /* Project object */;
}
